
Microsoft Visual Studio Solution File, Format Version 12.00
# Visual Studio Version 17
VisualStudioVersion = 17.7.34024.191
MinimumVisualStudioVersion = 10.0.40219.1
Project("{FAE04EC0-301F-11D3-BF4B-00C04F79EFBC}") = "yksiUloitteinenTaulukko", "yksiUloitteinenTaulukko\yksiUloitteinenTaulukko.csproj", "{EEBACFDD-77DF-44BD-A4AE-F80C4B94430D}"
EndProject
Global
	GlobalSection(SolutionConfigurationPlatforms) = preSolution
		Debug|Any CPU = Debug|Any CPU
		Release|Any CPU = Release|Any CPU
	EndGlobalSection
	GlobalSection(ProjectConfigurationPlatforms) = postSolution
		{EEBACFDD-77DF-44BD-A4AE-F80C4B94430D}.Debug|Any CPU.ActiveCfg = Debug|Any CPU
		{EEBACFDD-77DF-44BD-A4AE-F80C4B94430D}.Debug|Any CPU.Build.0 = Debug|Any CPU
		{EEBACFDD-77DF-44BD-A4AE-F80C4B94430D}.Release|Any CPU.ActiveCfg = Release|Any CPU
		{EEBACFDD-77DF-44BD-A4AE-F80C4B94430D}.Release|Any CPU.Build.0 = Release|Any CPU
	EndGlobalSection
	GlobalSection(SolutionProperties) = preSolution
		HideSolutionNode = FALSE
	EndGlobalSection
	GlobalSection(ExtensibilityGlobals) = postSolution
		SolutionGuid = {411052CB-D367-455F-A00F-BF07CBC3EC75}
	EndGlobalSection
EndGlobal
